
Microsoft Visual Studio Solution File, Format Version 12.00
# Visual Studio Version 17
VisualStudioVersion = 17.11.35312.102
MinimumVisualStudioVersion = 10.0.40219.1
Project("{FAE04EC0-301F-11D3-BF4B-00C04F79EFBC}") = "BabyDressAssignment", "BabyDressAssignment.csproj", "{52F03282-5949-48C7-BBED-D8C65DA59EE4}"
EndProject
Global
	GlobalSection(SolutionConfigurationPlatforms) = preSolution
		Debug|Any CPU = Debug|Any CPU
		Release|Any CPU = Release|Any CPU
	EndGlobalSection
	GlobalSection(ProjectConfigurationPlatforms) = postSolution
		{52F03282-5949-48C7-BBED-D8C65DA59EE4}.Debug|Any CPU.ActiveCfg = Debug|Any CPU
		{52F03282-5949-48C7-BBED-D8C65DA59EE4}.Debug|Any CPU.Build.0 = Debug|Any CPU
		{52F03282-5949-48C7-BBED-D8C65DA59EE4}.Release|Any CPU.ActiveCfg = Release|Any CPU
		{52F03282-5949-48C7-BBED-D8C65DA59EE4}.Release|Any CPU.Build.0 = Release|Any CPU
	EndGlobalSection
	GlobalSection(SolutionProperties) = preSolution
		HideSolutionNode = FALSE
	EndGlobalSection
	GlobalSection(ExtensibilityGlobals) = postSolution
		SolutionGuid = {48E4AE74-C678-4764-9BA2-C6F8D5FA6D36}
	EndGlobalSection
EndGlobal
